<?xml version="1.0" encoding="utf-8"?>
<Project ToolsVersion="4.0" xmlns="http://schemas.microsoft.com/developer/msbuild/2003">
  <ItemGroup>
    <Filter Include="Source Files">
      <UniqueIdentifier>{0c2f6b9d-141a-4143-a453-dfbd7361f91b}</UniqueIdentifier>
      <Extensions>cpp;c;cxx;rc;def;r;odl;idl;hpj;bat</Extensions>
    </Filter>
    <Filter Include="Header Files">
      <UniqueIdentifier>{998f2ed9-0040-48af-8e82-4eebaf798fd0}</UniqueIdentifier>
      <Extensions>h;hpp;hxx;hm;inl</Extensions>
    </Filter>
  </ItemGroup>
  <ItemGroup>
    <ClCompile Include="dis_decode.cpp">
      <Filter>Source Files</Filter>
    </ClCompile>
    <ClCompile Include="dis_groups.cpp">
      <Filter>Source Files</Filter>
    </ClCompile>
    <ClCompile Include="resolve.cpp">
      <Filter>Source Files</Filter>
    </ClCompile>
    <ClCompile Include="syntax.cpp">
      <Filter>Source Files</Filter>
    </ClCompile>
  </ItemGroup>
  <ItemGroup>
    <ClInclude Include="dis_tables.h">
      <Filter>Header Files</Filter>
    </ClInclude>
    <ClInclude Include="disasm.h">
      <Filter>Header Files</Filter>
    </ClInclude>
  </ItemGroup>
</Project>