<?xml version="1.0" encoding="utf-8"?>
<Project ToolsVersion="4.0" xmlns="http://schemas.microsoft.com/developer/msbuild/2003">
  <ItemGroup>
    <Filter Include="Source Files">
      <UniqueIdentifier>{4147c128-ed8f-4ecb-84bc-fd699ee577c5}</UniqueIdentifier>
      <Extensions>cpp;c;cxx;rc;def;r;odl;idl;hpj;bat</Extensions>
    </Filter>
    <Filter Include="Header Files">
      <UniqueIdentifier>{6e411049-931e-4bde-8d8e-5843b76682bd}</UniqueIdentifier>
      <Extensions>h;hpp;hxx;hm;inl</Extensions>
    </Filter>
  </ItemGroup>
  <ItemGroup>
    <ClCompile Include="gui.cpp">
      <Filter>Source Files</Filter>
    </ClCompile>
    <ClCompile Include="keymap.cpp">
      <Filter>Source Files</Filter>
    </ClCompile>
    <ClCompile Include="nogui.cpp">
      <Filter>Source Files</Filter>
    </ClCompile>
    <ClCompile Include="rfb.cpp">
      <Filter>Source Files</Filter>
    </ClCompile>
    <ClCompile Include="siminterface.cpp">
      <Filter>Source Files</Filter>
    </ClCompile>
    <ClCompile Include="textconfig.cpp">
      <Filter>Source Files</Filter>
    </ClCompile>
    <ClCompile Include="win32.cpp">
      <Filter>Source Files</Filter>
    </ClCompile>
    <ClCompile Include="win32dialog.cpp">
      <Filter>Source Files</Filter>
    </ClCompile>
  </ItemGroup>
  <ItemGroup>
    <ClInclude Include="gui.h">
      <Filter>Header Files</Filter>
    </ClInclude>
    <ClInclude Include="..\iodev\iodev.h">
      <Filter>Header Files</Filter>
    </ClInclude>
    <ClInclude Include="keymap.h">
      <Filter>Header Files</Filter>
    </ClInclude>
    <ClInclude Include="rfb.h">
      <Filter>Header Files</Filter>
    </ClInclude>
    <ClInclude Include="sdl.h">
      <Filter>Header Files</Filter>
    </ClInclude>
    <ClInclude Include="siminterface.h">
      <Filter>Header Files</Filter>
    </ClInclude>
    <ClInclude Include="textconfig.h">
      <Filter>Header Files</Filter>
    </ClInclude>
    <ClInclude Include="win32dialog.h">
      <Filter>Header Files</Filter>
    </ClInclude>
    <ClInclude Include="win32res.h">
      <Filter>Header Files</Filter>
    </ClInclude>
  </ItemGroup>
</Project>