<?xml version="1.0" encoding="utf-8"?>
<Project ToolsVersion="4.0" xmlns="http://schemas.microsoft.com/developer/msbuild/2003">
  <ItemGroup>
    <Filter Include="Source Files">
      <UniqueIdentifier>{7bc80d83-d1fd-465d-a114-437772221a58}</UniqueIdentifier>
      <Extensions>cpp;c;cxx;rc;def;r;odl;idl;hpj;bat</Extensions>
    </Filter>
    <Filter Include="Header Files">
      <UniqueIdentifier>{a62beb6a-a91e-4e97-8bae-fb7d3e740955}</UniqueIdentifier>
      <Extensions>h;hpp;hxx;hm;inl</Extensions>
    </Filter>
  </ItemGroup>
  <ItemGroup>
    <ClCompile Include="3dnow.cpp">
      <Filter>Source Files</Filter>
    </ClCompile>
    <ClCompile Include="access.cpp">
      <Filter>Source Files</Filter>
    </ClCompile>
    <ClCompile Include="apic.cpp">
      <Filter>Source Files</Filter>
    </ClCompile>
    <ClCompile Include="arith16.cpp">
      <Filter>Source Files</Filter>
    </ClCompile>
    <ClCompile Include="arith32.cpp">
      <Filter>Source Files</Filter>
    </ClCompile>
    <ClCompile Include="arith64.cpp">
      <Filter>Source Files</Filter>
    </ClCompile>
    <ClCompile Include="arith8.cpp">
      <Filter>Source Files</Filter>
    </ClCompile>
    <ClCompile Include="bcd.cpp">
      <Filter>Source Files</Filter>
    </ClCompile>
    <ClCompile Include="bit.cpp">
      <Filter>Source Files</Filter>
    </ClCompile>
    <ClCompile Include="call_far.cpp">
      <Filter>Source Files</Filter>
    </ClCompile>
    <ClCompile Include="cpu.cpp">
      <Filter>Source Files</Filter>
    </ClCompile>
    <ClCompile Include="cpuid.cpp">
      <Filter>Source Files</Filter>
    </ClCompile>
    <ClCompile Include="ctrl_xfer16.cpp">
      <Filter>Source Files</Filter>
    </ClCompile>
    <ClCompile Include="ctrl_xfer32.cpp">
      <Filter>Source Files</Filter>
    </ClCompile>
    <ClCompile Include="ctrl_xfer64.cpp">
      <Filter>Source Files</Filter>
    </ClCompile>
    <ClCompile Include="ctrl_xfer8.cpp">
      <Filter>Source Files</Filter>
    </ClCompile>
    <ClCompile Include="ctrl_xfer_pro.cpp">
      <Filter>Source Files</Filter>
    </ClCompile>
    <ClCompile Include="data_xfer16.cpp">
      <Filter>Source Files</Filter>
    </ClCompile>
    <ClCompile Include="data_xfer32.cpp">
      <Filter>Source Files</Filter>
    </ClCompile>
    <ClCompile Include="data_xfer64.cpp">
      <Filter>Source Files</Filter>
    </ClCompile>
    <ClCompile Include="data_xfer8.cpp">
      <Filter>Source Files</Filter>
    </ClCompile>
    <ClCompile Include="debugstuff.cpp">
      <Filter>Source Files</Filter>
    </ClCompile>
    <ClCompile Include="exception.cpp">
      <Filter>Source Files</Filter>
    </ClCompile>
    <ClCompile Include="extdb.cpp">
      <Filter>Source Files</Filter>
    </ClCompile>
    <ClCompile Include="fetchdecode.cpp">
      <Filter>Source Files</Filter>
    </ClCompile>
    <ClCompile Include="fetchdecode64.cpp">
      <Filter>Source Files</Filter>
    </ClCompile>
    <ClCompile Include="flag_ctrl.cpp">
      <Filter>Source Files</Filter>
    </ClCompile>
    <ClCompile Include="flag_ctrl_pro.cpp">
      <Filter>Source Files</Filter>
    </ClCompile>
    <ClCompile Include="fpu_emu.cpp">
      <Filter>Source Files</Filter>
    </ClCompile>
    <ClCompile Include="init.cpp">
      <Filter>Source Files</Filter>
    </ClCompile>
    <ClCompile Include="io.cpp">
      <Filter>Source Files</Filter>
    </ClCompile>
    <ClCompile Include="io_pro.cpp">
      <Filter>Source Files</Filter>
    </ClCompile>
    <ClCompile Include="iret.cpp">
      <Filter>Source Files</Filter>
    </ClCompile>
    <ClCompile Include="jmp_far.cpp">
      <Filter>Source Files</Filter>
    </ClCompile>
    <ClCompile Include="lazy_flags.cpp">
      <Filter>Source Files</Filter>
    </ClCompile>
    <ClCompile Include="logical16.cpp">
      <Filter>Source Files</Filter>
    </ClCompile>
    <ClCompile Include="logical32.cpp">
      <Filter>Source Files</Filter>
    </ClCompile>
    <ClCompile Include="logical64.cpp">
      <Filter>Source Files</Filter>
    </ClCompile>
    <ClCompile Include="logical8.cpp">
      <Filter>Source Files</Filter>
    </ClCompile>
    <ClCompile Include="mmx.cpp">
      <Filter>Source Files</Filter>
    </ClCompile>
    <ClCompile Include="mult16.cpp">
      <Filter>Source Files</Filter>
    </ClCompile>
    <ClCompile Include="mult32.cpp">
      <Filter>Source Files</Filter>
    </ClCompile>
    <ClCompile Include="mult64.cpp">
      <Filter>Source Files</Filter>
    </ClCompile>
    <ClCompile Include="mult8.cpp">
      <Filter>Source Files</Filter>
    </ClCompile>
    <ClCompile Include="paging.cpp">
      <Filter>Source Files</Filter>
    </ClCompile>
    <ClCompile Include="proc_ctrl.cpp">
      <Filter>Source Files</Filter>
    </ClCompile>
    <ClCompile Include="protect_ctrl.cpp">
      <Filter>Source Files</Filter>
    </ClCompile>
    <ClCompile Include="resolve16.cpp">
      <Filter>Source Files</Filter>
    </ClCompile>
    <ClCompile Include="resolve32.cpp">
      <Filter>Source Files</Filter>
    </ClCompile>
    <ClCompile Include="resolve64.cpp">
      <Filter>Source Files</Filter>
    </ClCompile>
    <ClCompile Include="ret_far.cpp">
      <Filter>Source Files</Filter>
    </ClCompile>
    <ClCompile Include="segment_ctrl.cpp">
      <Filter>Source Files</Filter>
    </ClCompile>
    <ClCompile Include="segment_ctrl_pro.cpp">
      <Filter>Source Files</Filter>
    </ClCompile>
    <ClCompile Include="shift16.cpp">
      <Filter>Source Files</Filter>
    </ClCompile>
    <ClCompile Include="shift32.cpp">
      <Filter>Source Files</Filter>
    </ClCompile>
    <ClCompile Include="shift64.cpp">
      <Filter>Source Files</Filter>
    </ClCompile>
    <ClCompile Include="shift8.cpp">
      <Filter>Source Files</Filter>
    </ClCompile>
    <ClCompile Include="smm.cpp">
      <Filter>Source Files</Filter>
    </ClCompile>
    <ClCompile Include="soft_int.cpp">
      <Filter>Source Files</Filter>
    </ClCompile>
    <ClCompile Include="sse.cpp">
      <Filter>Source Files</Filter>
    </ClCompile>
    <ClCompile Include="sse_move.cpp">
      <Filter>Source Files</Filter>
    </ClCompile>
    <ClCompile Include="sse_pfp.cpp">
      <Filter>Source Files</Filter>
    </ClCompile>
    <ClCompile Include="sse_rcp.cpp">
      <Filter>Source Files</Filter>
    </ClCompile>
    <ClCompile Include="stack16.cpp">
      <Filter>Source Files</Filter>
    </ClCompile>
    <ClCompile Include="stack32.cpp">
      <Filter>Source Files</Filter>
    </ClCompile>
    <ClCompile Include="stack64.cpp">
      <Filter>Source Files</Filter>
    </ClCompile>
    <ClCompile Include="stack_pro.cpp">
      <Filter>Source Files</Filter>
    </ClCompile>
    <ClCompile Include="string.cpp">
      <Filter>Source Files</Filter>
    </ClCompile>
    <ClCompile Include="tasking.cpp">
      <Filter>Source Files</Filter>
    </ClCompile>
    <ClCompile Include="vm8086.cpp">
      <Filter>Source Files</Filter>
    </ClCompile>
  </ItemGroup>
  <ItemGroup>
    <ClInclude Include="..\bochs.h">
      <Filter>Header Files</Filter>
    </ClInclude>
    <ClInclude Include="..\config.h">
      <Filter>Header Files</Filter>
    </ClInclude>
    <ClInclude Include="cpu.h">
      <Filter>Header Files</Filter>
    </ClInclude>
    <ClInclude Include="lazy_flags.h">
      <Filter>Header Files</Filter>
    </ClInclude>
  </ItemGroup>
</Project>