<?xml version="1.0" encoding="utf-8"?>
<Project ToolsVersion="4.0" xmlns="http://schemas.microsoft.com/developer/msbuild/2003">
  <ItemGroup>
    <Filter Include="Source Files">
      <UniqueIdentifier>{2910ad50-d40c-4dd5-b80b-152867c96872}</UniqueIdentifier>
      <Extensions>cpp;c;cxx;rc;def;r;odl;idl;hpj;bat</Extensions>
    </Filter>
    <Filter Include="Header Files">
      <UniqueIdentifier>{e29b03ea-d0f6-439c-ba5e-afb85adc3dc5}</UniqueIdentifier>
      <Extensions>h;hpp;hxx;hm;inl</Extensions>
    </Filter>
  </ItemGroup>
  <ItemGroup>
    <ClCompile Include="f2xm1.cpp">
      <Filter>Source Files</Filter>
    </ClCompile>
    <ClCompile Include="ferr.cpp">
      <Filter>Source Files</Filter>
    </ClCompile>
    <ClCompile Include="fpatan.cpp">
      <Filter>Source Files</Filter>
    </ClCompile>
    <ClCompile Include="fprem.cpp">
      <Filter>Source Files</Filter>
    </ClCompile>
    <ClCompile Include="fpu.cpp">
      <Filter>Source Files</Filter>
    </ClCompile>
    <ClCompile Include="fpu_arith.cpp">
      <Filter>Source Files</Filter>
    </ClCompile>
    <ClCompile Include="fpu_compare.cpp">
      <Filter>Source Files</Filter>
    </ClCompile>
    <ClCompile Include="fpu_const.cpp">
      <Filter>Source Files</Filter>
    </ClCompile>
    <ClCompile Include="fpu_load_store.cpp">
      <Filter>Source Files</Filter>
    </ClCompile>
    <ClCompile Include="fpu_misc.cpp">
      <Filter>Source Files</Filter>
    </ClCompile>
    <ClCompile Include="fpu_tags.cpp">
      <Filter>Source Files</Filter>
    </ClCompile>
    <ClCompile Include="fpu_trans.cpp">
      <Filter>Source Files</Filter>
    </ClCompile>
    <ClCompile Include="fsincos.cpp">
      <Filter>Source Files</Filter>
    </ClCompile>
    <ClCompile Include="fyl2x.cpp">
      <Filter>Source Files</Filter>
    </ClCompile>
    <ClCompile Include="poly.cpp">
      <Filter>Source Files</Filter>
    </ClCompile>
    <ClCompile Include="softfloat-round-pack.cpp">
      <Filter>Source Files</Filter>
    </ClCompile>
    <ClCompile Include="softfloat-specialize.cpp">
      <Filter>Source Files</Filter>
    </ClCompile>
    <ClCompile Include="softfloat.cpp">
      <Filter>Source Files</Filter>
    </ClCompile>
    <ClCompile Include="softfloatx80.cpp">
      <Filter>Source Files</Filter>
    </ClCompile>
  </ItemGroup>
  <ItemGroup>
    <ClInclude Include="..\bochs.h">
      <Filter>Header Files</Filter>
    </ClInclude>
    <ClInclude Include="..\config.h">
      <Filter>Header Files</Filter>
    </ClInclude>
    <ClInclude Include="control_w.h">
      <Filter>Header Files</Filter>
    </ClInclude>
    <ClInclude Include="exception.h">
      <Filter>Header Files</Filter>
    </ClInclude>
    <ClInclude Include="fpu_asm.h">
      <Filter>Header Files</Filter>
    </ClInclude>
    <ClInclude Include="fpu_emu.h">
      <Filter>Header Files</Filter>
    </ClInclude>
    <ClInclude Include="fpu_proto.h">
      <Filter>Header Files</Filter>
    </ClInclude>
    <ClInclude Include="fpu_system.h">
      <Filter>Header Files</Filter>
    </ClInclude>
    <ClInclude Include="poly.h">
      <Filter>Header Files</Filter>
    </ClInclude>
    <ClInclude Include="reg_constant.h">
      <Filter>Header Files</Filter>
    </ClInclude>
  </ItemGroup>
</Project>