<?xml version="1.0" encoding="utf-8"?>
<Project ToolsVersion="4.0" xmlns="http://schemas.microsoft.com/developer/msbuild/2003">
  <ItemGroup>
    <Filter Include="Source Files">
      <UniqueIdentifier>{8afa8023-2a10-4117-a7ab-8849fe137204}</UniqueIdentifier>
      <Extensions>cpp;c;cxx;rc;def;r;odl;idl;hpj;bat</Extensions>
    </Filter>
    <Filter Include="Header Files">
      <UniqueIdentifier>{9221d0da-21fe-4749-a41e-1760e23b9be0}</UniqueIdentifier>
      <Extensions>h;hpp;hxx;hm;inl</Extensions>
    </Filter>
  </ItemGroup>
  <ItemGroup>
    <ClCompile Include="acpi.cpp">
      <Filter>Source Files</Filter>
    </ClCompile>
    <ClCompile Include="biosdev.cpp">
      <Filter>Source Files</Filter>
    </ClCompile>
    <ClCompile Include="busmouse.cpp">
      <Filter>Source Files</Filter>
    </ClCompile>
    <ClCompile Include="cdrom.cpp">
      <Filter>Source Files</Filter>
    </ClCompile>
    <ClCompile Include="cmos.cpp">
      <Filter>Source Files</Filter>
    </ClCompile>
    <ClCompile Include="crc32.cpp">
      <Filter>Source Files</Filter>
    </ClCompile>
    <ClCompile Include="devices.cpp">
      <Filter>Source Files</Filter>
    </ClCompile>
    <ClCompile Include="dma.cpp">
      <Filter>Source Files</Filter>
    </ClCompile>
    <ClCompile Include="eth.cpp">
      <Filter>Source Files</Filter>
    </ClCompile>
    <ClCompile Include="eth_arpback.cpp">
      <Filter>Source Files</Filter>
    </ClCompile>
    <ClCompile Include="eth_fbsd.cpp">
      <Filter>Source Files</Filter>
    </ClCompile>
    <ClCompile Include="eth_linux.cpp">
      <Filter>Source Files</Filter>
    </ClCompile>
    <ClCompile Include="eth_null.cpp">
      <Filter>Source Files</Filter>
    </ClCompile>
    <ClCompile Include="eth_packetmaker.cpp">
      <Filter>Source Files</Filter>
    </ClCompile>
    <ClCompile Include="eth_vnet.cpp">
      <Filter>Source Files</Filter>
    </ClCompile>
    <ClCompile Include="eth_win32.cpp">
      <Filter>Source Files</Filter>
    </ClCompile>
    <ClCompile Include="extfpuirq.cpp">
      <Filter>Source Files</Filter>
    </ClCompile>
    <ClCompile Include="floppy.cpp">
      <Filter>Source Files</Filter>
    </ClCompile>
    <ClCompile Include="gameport.cpp">
      <Filter>Source Files</Filter>
    </ClCompile>
    <ClCompile Include="harddrv.cpp">
      <Filter>Source Files</Filter>
    </ClCompile>
    <ClCompile Include="hdimage.cpp">
      <Filter>Source Files</Filter>
    </ClCompile>
    <ClCompile Include="ioapic.cpp">
      <Filter>Source Files</Filter>
    </ClCompile>
    <ClCompile Include="iodebug.cpp">
      <Filter>Source Files</Filter>
    </ClCompile>
    <ClCompile Include="keyboard.cpp">
      <Filter>Source Files</Filter>
    </ClCompile>
    <ClCompile Include="ne2k.cpp">
      <Filter>Source Files</Filter>
    </ClCompile>
    <ClCompile Include="parallel.cpp">
      <Filter>Source Files</Filter>
    </ClCompile>
    <ClCompile Include="pci.cpp">
      <Filter>Source Files</Filter>
    </ClCompile>
    <ClCompile Include="pci2isa.cpp">
      <Filter>Source Files</Filter>
    </ClCompile>
    <ClCompile Include="pci_ide.cpp">
      <Filter>Source Files</Filter>
    </ClCompile>
    <ClCompile Include="pcidev.cpp">
      <Filter>Source Files</Filter>
    </ClCompile>
    <ClCompile Include="pcipnic.cpp">
      <Filter>Source Files</Filter>
    </ClCompile>
    <ClCompile Include="pciusb.cpp">
      <Filter>Source Files</Filter>
    </ClCompile>
    <ClCompile Include="pcivga.cpp">
      <Filter>Source Files</Filter>
    </ClCompile>
    <ClCompile Include="pic.cpp">
      <Filter>Source Files</Filter>
    </ClCompile>
    <ClCompile Include="pit82c54.cpp">
      <Filter>Source Files</Filter>
    </ClCompile>
    <ClCompile Include="pit_wrap.cpp">
      <Filter>Source Files</Filter>
    </ClCompile>
    <ClCompile Include="sb16.cpp">
      <Filter>Source Files</Filter>
    </ClCompile>
    <ClCompile Include="scancodes.cpp">
      <Filter>Source Files</Filter>
    </ClCompile>
    <ClCompile Include="scsi_device.cpp">
      <Filter>Source Files</Filter>
    </ClCompile>
    <ClCompile Include="serial.cpp">
      <Filter>Source Files</Filter>
    </ClCompile>
    <ClCompile Include="serial_raw.cpp">
      <Filter>Source Files</Filter>
    </ClCompile>
    <ClCompile Include="slowdown_timer.cpp">
      <Filter>Source Files</Filter>
    </ClCompile>
    <ClCompile Include="soundlnx.cpp">
      <Filter>Source Files</Filter>
    </ClCompile>
    <ClCompile Include="soundosx.cpp">
      <Filter>Source Files</Filter>
    </ClCompile>
    <ClCompile Include="soundwin.cpp">
      <Filter>Source Files</Filter>
    </ClCompile>
    <ClCompile Include="speaker.cpp">
      <Filter>Source Files</Filter>
    </ClCompile>
    <ClCompile Include="svga_cirrus.cpp">
      <Filter>Source Files</Filter>
    </ClCompile>
    <ClCompile Include="unmapped.cpp">
      <Filter>Source Files</Filter>
    </ClCompile>
    <ClCompile Include="usb_hid.cpp">
      <Filter>Source Files</Filter>
    </ClCompile>
    <ClCompile Include="usb_msd.cpp">
      <Filter>Source Files</Filter>
    </ClCompile>
    <ClCompile Include="vga.cpp">
      <Filter>Source Files</Filter>
    </ClCompile>
    <ClCompile Include="virt_timer.cpp">
      <Filter>Source Files</Filter>
    </ClCompile>
    <ClCompile Include="vmware3.cpp">
      <Filter>Source Files</Filter>
    </ClCompile>
    <ClCompile Include="vmware4.cpp">
      <Filter>Source Files</Filter>
    </ClCompile>
  </ItemGroup>
  <ItemGroup>
    <ClInclude Include="acpi.h">
      <Filter>Header Files</Filter>
    </ClInclude>
    <ClInclude Include="cdrom.h">
      <Filter>Header Files</Filter>
    </ClInclude>
    <ClInclude Include="cmos.h">
      <Filter>Header Files</Filter>
    </ClInclude>
    <ClInclude Include="dma.h">
      <Filter>Header Files</Filter>
    </ClInclude>
    <ClInclude Include="eth.h">
      <Filter>Header Files</Filter>
    </ClInclude>
    <ClInclude Include="floppy.h">
      <Filter>Header Files</Filter>
    </ClInclude>
    <ClInclude Include="gameport.h">
      <Filter>Header Files</Filter>
    </ClInclude>
    <ClInclude Include="harddrv.h">
      <Filter>Header Files</Filter>
    </ClInclude>
    <ClInclude Include="hdimage.h">
      <Filter>Header Files</Filter>
    </ClInclude>
    <ClInclude Include="iodev.h">
      <Filter>Header Files</Filter>
    </ClInclude>
    <ClInclude Include="keyboard.h">
      <Filter>Header Files</Filter>
    </ClInclude>
    <ClInclude Include="ne2k.h">
      <Filter>Header Files</Filter>
    </ClInclude>
    <ClInclude Include="parallel.h">
      <Filter>Header Files</Filter>
    </ClInclude>
    <ClInclude Include="pci.h">
      <Filter>Header Files</Filter>
    </ClInclude>
    <ClInclude Include="pci2isa.h">
      <Filter>Header Files</Filter>
    </ClInclude>
    <ClInclude Include="pci_ide.h">
      <Filter>Header Files</Filter>
    </ClInclude>
    <ClInclude Include="pcipnic.h">
      <Filter>Header Files</Filter>
    </ClInclude>
    <ClInclude Include="pciusb.h">
      <Filter>Header Files</Filter>
    </ClInclude>
    <ClInclude Include="pcivga.h">
      <Filter>Header Files</Filter>
    </ClInclude>
    <ClInclude Include="pic.h">
      <Filter>Header Files</Filter>
    </ClInclude>
    <ClInclude Include="pit82c54.h">
      <Filter>Header Files</Filter>
    </ClInclude>
    <ClInclude Include="pit_wrap.h">
      <Filter>Header Files</Filter>
    </ClInclude>
    <ClInclude Include="sb16.h">
      <Filter>Header Files</Filter>
    </ClInclude>
    <ClInclude Include="scsi_device.h">
      <Filter>Header Files</Filter>
    </ClInclude>
    <ClInclude Include="serial.h">
      <Filter>Header Files</Filter>
    </ClInclude>
    <ClInclude Include="soundwin.h">
      <Filter>Header Files</Filter>
    </ClInclude>
    <ClInclude Include="unmapped.h">
      <Filter>Header Files</Filter>
    </ClInclude>
    <ClInclude Include="usb_hid.h">
      <Filter>Header Files</Filter>
    </ClInclude>
    <ClInclude Include="usb_msd.h">
      <Filter>Header Files</Filter>
    </ClInclude>
    <ClInclude Include="vga.h">
      <Filter>Header Files</Filter>
    </ClInclude>
    <ClInclude Include="vmware3.h">
      <Filter>Header Files</Filter>
    </ClInclude>
    <ClInclude Include="vmware4.h">
      <Filter>Header Files</Filter>
    </ClInclude>
  </ItemGroup>
</Project>